// !$*UTF8*$!
{
	archiveVersion = 1;
	classes = {
	};
	objectVersion = 50;
	objects = {

/* Begin PBXBuildFile section */
		AFCA7B55252A385D00958D62 /* AppDelegate.swift in Sources */ = {isa = PBXBuildFile; fileRef = AFCA7B54252A385D00958D62 /* AppDelegate.swift */; };
		AFCA7B57252A385D00958D62 /* SceneDelegate.swift in Sources */ = {isa = PBXBuildFile; fileRef = AFCA7B56252A385D00958D62 /* SceneDelegate.swift */; };
		AFCA7B59252A385D00958D62 /* ContentView.swift in Sources */ = {isa = PBXBuildFile; fileRef = AFCA7B58252A385D00958D62 /* ContentView.swift */; };
		AFCA7B5B252A386100958D62 /* Assets.xcassets in Resources */ = {isa = PBXBuildFile; fileRef = AFCA7B5A252A386100958D62 /* Assets.xcassets */; };
		AFCA7B5E252A386100958D62 /* Preview Assets.xcassets in Resources */ = {isa = PBXBuildFile; fileRef = AFCA7B5D252A386100958D62 /* Preview Assets.xcassets */; };
		AFCA7B61252A386100958D62 /* LaunchScreen.storyboard in Resources */ = {isa = PBXBuildFile; fileRef = AFCA7B5F252A386100958D62 /* LaunchScreen.storyboard */; };
		AFCA7B6C252A386100958D62 /* FunkyNotesTests.swift in Sources */ = {isa = PBXBuildFile; fileRef = AFCA7B6B252A386100958D62 /* FunkyNotesTests.swift */; };
		AFCA7B77252A386100958D62 /* FunkyNotesUITests.swift in Sources */ = {isa = PBXBuildFile; fileRef = AFCA7B76252A386100958D62 /* FunkyNotesUITests.swift */; };
		AFCA7B8B252A38E600958D62 /* NoteDataManagerProtocol.swift in Sources */ = {isa = PBXBuildFile; fileRef = AFCA7B8A252A38E600958D62 /* NoteDataManagerProtocol.swift */; };
		AFCA7B8D252A391700958D62 /* Note.swift in Sources */ = {isa = PBXBuildFile; fileRef = AFCA7B8C252A391700958D62 /* Note.swift */; };
		AFCA7B8F252A39CF00958D62 /* NoteProtocol.swift in Sources */ = {isa = PBXBuildFile; fileRef = AFCA7B8E252A39CF00958D62 /* NoteProtocol.swift */; };
		AFCA7B93252A3B4300958D62 /* NoteDataManager.swift in Sources */ = {isa = PBXBuildFile; fileRef = AFCA7B92252A3B4300958D62 /* NoteDataManager.swift */; };
/* End PBXBuildFile section */

/* Begin PBXContainerItemProxy section */
		AFCA7B68252A386100958D62 /* PBXContainerItemProxy */ = {
			isa = PBXContainerItemProxy;
			containerPortal = AFCA7B49252A385D00958D62 /* Project object */;
			proxyType = 1;
			remoteGlobalIDString = AFCA7B50252A385D00958D62;
			remoteInfo = FunkyNotes;
		};
		AFCA7B73252A386100958D62 /* PBXContainerItemProxy */ = {
			isa = PBXContainerItemProxy;
			containerPortal = AFCA7B49252A385D00958D62 /* Project object */;
			proxyType = 1;
			remoteGlobalIDString = AFCA7B50252A385D00958D62;
			remoteInfo = FunkyNotes;
		};
/* End PBXContainerItemProxy section */

/* Begin PBXFileReference section */
		AFCA7B51252A385D00958D62 /* FunkyNotes.app */ = {isa = PBXFileReference; explicitFileType = wrapper.application; includeInIndex = 0; path = FunkyNotes.app; sourceTree = BUILT_PRODUCTS_DIR; };
		AFCA7B54252A385D00958D62 /* AppDelegate.swift */ = {isa = PBXFileReference; lastKnownFileType = sourcecode.swift; path = AppDelegate.swift; sourceTree = "<group>"; };
		AFCA7B56252A385D00958D62 /* SceneDelegate.swift */ = {isa = PBXFileReference; lastKnownFileType = sourcecode.swift; path = SceneDelegate.swift; sourceTree = "<group>"; };
		AFCA7B58252A385D00958D62 /* ContentView.swift */ = {isa = PBXFileReference; lastKnownFileType = sourcecode.swift; path = ContentView.swift; sourceTree = "<group>"; };
		AFCA7B5A252A386100958D62 /* Assets.xcassets */ = {isa = PBXFileReference; lastKnownFileType = folder.assetcatalog; path = Assets.xcassets; sourceTree = "<group>"; };
		AFCA7B5D252A386100958D62 /* Preview Assets.xcassets */ = {isa = PBXFileReference; lastKnownFileType = folder.assetcatalog; path = "Preview Assets.xcassets"; sourceTree = "<group>"; };
		AFCA7B60252A386100958D62 /* Base */ = {isa = PBXFileReference; lastKnownFileType = file.storyboard; name = Base; path = Base.lproj/LaunchScreen.storyboard; sourceTree = "<group>"; };
		AFCA7B62252A386100958D62 /* Info.plist */ = {isa = PBXFileReference; lastKnownFileType = text.plist.xml; path = Info.plist; sourceTree = "<group>"; };
		AFCA7B67252A386100958D62 /* FunkyNotesTests.xctest */ = {isa = PBXFileReference; explicitFileType = wrapper.cfbundle; includeInIndex = 0; path = FunkyNotesTests.xctest; sourceTree = BUILT_PRODUCTS_DIR; };
		AFCA7B6B252A386100958D62 /* FunkyNotesTests.swift */ = {isa = PBXFileReference; lastKnownFileType = sourcecode.swift; path = FunkyNotesTests.swift; sourceTree = "<group>"; };
		AFCA7B6D252A386100958D62 /* Info.plist */ = {isa = PBXFileReference; lastKnownFileType = text.plist.xml; path = Info.plist; sourceTree = "<group>"; };
		AFCA7B72252A386100958D62 /* FunkyNotesUITests.xctest */ = {isa = PBXFileReference; explicitFileType = wrapper.cfbundle; includeInIndex = 0; path = FunkyNotesUITests.xctest; sourceTree = BUILT_PRODUCTS_DIR; };
		AFCA7B76252A386100958D62 /* FunkyNotesUITests.swift */ = {isa = PBXFileReference; lastKnownFileType = sourcecode.swift; path = FunkyNotesUITests.swift; sourceTree = "<group>"; };
		AFCA7B78252A386100958D62 /* Info.plist */ = {isa = PBXFileReference; lastKnownFileType = text.plist.xml; path = Info.plist; sourceTree = "<group>"; };
		AFCA7B8A252A38E600958D62 /* NoteDataManagerProtocol.swift */ = {isa = PBXFileReference; lastKnownFileType = sourcecode.swift; path = NoteDataManagerProtocol.swift; sourceTree = "<group>"; };
		AFCA7B8C252A391700958D62 /* Note.swift */ = {isa = PBXFileReference; lastKnownFileType = sourcecode.swift; path = Note.swift; sourceTree = "<group>"; };
		AFCA7B8E252A39CF00958D62 /* NoteProtocol.swift */ = {isa = PBXFileReference; lastKnownFileType = sourcecode.swift; path = NoteProtocol.swift; sourceTree = "<group>"; };
		AFCA7B92252A3B4300958D62 /* NoteDataManager.swift */ = {isa = PBXFileReference; lastKnownFileType = sourcecode.swift; path = NoteDataManager.swift; sourceTree = "<group>"; };
/* End PBXFileReference section */

/* Begin PBXFrameworksBuildPhase section */
		AFCA7B4E252A385D00958D62 /* Frameworks */ = {
			isa = PBXFrameworksBuildPhase;
			buildActionMask = 2147483647;
			files = (
			);
			runOnlyForDeploymentPostprocessing = 0;
		};
		AFCA7B64252A386100958D62 /* Frameworks */ = {
			isa = PBXFrameworksBuildPhase;
			buildActionMask = 2147483647;
			files = (
			);
			runOnlyForDeploymentPostprocessing = 0;
		};
		AFCA7B6F252A386100958D62 /* Frameworks */ = {
			isa = PBXFrameworksBuildPhase;
			buildActionMask = 2147483647;
			files = (
			);
			runOnlyForDeploymentPostprocessing = 0;
		};
/* End PBXFrameworksBuildPhase section */

/* Begin PBXGroup section */
		AFCA7B48252A385D00958D62 = {
			isa = PBXGroup;
			children = (
				AFCA7B53252A385D00958D62 /* FunkyNotes */,
				AFCA7B6A252A386100958D62 /* FunkyNotesTests */,
				AFCA7B75252A386100958D62 /* FunkyNotesUITests */,
				AFCA7B52252A385D00958D62 /* Products */,
			);
			sourceTree = "<group>";
		};
		AFCA7B52252A385D00958D62 /* Products */ = {
			isa = PBXGroup;
			children = (
				AFCA7B51252A385D00958D62 /* FunkyNotes.app */,
				AFCA7B67252A386100958D62 /* FunkyNotesTests.xctest */,
				AFCA7B72252A386100958D62 /* FunkyNotesUITests.xctest */,
			);
			name = Products;
			sourceTree = "<group>";
		};
		AFCA7B53252A385D00958D62 /* FunkyNotes */ = {
			isa = PBXGroup;
			children = (
				AFCA7B88252A38A200958D62 /* Managers */,
				AFCA7B87252A389C00958D62 /* Flows */,
				AFCA7B86252A388F00958D62 /* Assets */,
				AFCA7B85252A387E00958D62 /* SupportingFiles */,
				AFCA7B5C252A386100958D62 /* Preview Content */,
			);
			path = FunkyNotes;
			sourceTree = "<group>";
		};
		AFCA7B5C252A386100958D62 /* Preview Content */ = {
			isa = PBXGroup;
			children = (
				AFCA7B5D252A386100958D62 /* Preview Assets.xcassets */,
			);
			path = "Preview Content";
			sourceTree = "<group>";
		};
		AFCA7B6A252A386100958D62 /* FunkyNotesTests */ = {
			isa = PBXGroup;
			children = (
				AFCA7B6B252A386100958D62 /* FunkyNotesTests.swift */,
				AFCA7B6D252A386100958D62 /* Info.plist */,
			);
			path = FunkyNotesTests;
			sourceTree = "<group>";
		};
		AFCA7B75252A386100958D62 /* FunkyNotesUITests */ = {
			isa = PBXGroup;
			children = (
				AFCA7B76252A386100958D62 /* FunkyNotesUITests.swift */,
				AFCA7B78252A386100958D62 /* Info.plist */,
			);
			path = FunkyNotesUITests;
			sourceTree = "<group>";
		};
		AFCA7B84252A387100958D62 /* Delagates */ = {
			isa = PBXGroup;
			children = (
				AFCA7B54252A385D00958D62 /* AppDelegate.swift */,
				AFCA7B56252A385D00958D62 /* SceneDelegate.swift */,
			);
			path = Delagates;
			sourceTree = "<group>";
		};
		AFCA7B85252A387E00958D62 /* SupportingFiles */ = {
			isa = PBXGroup;
			children = (
				AFCA7B84252A387100958D62 /* Delagates */,
				AFCA7B5F252A386100958D62 /* LaunchScreen.storyboard */,
				AFCA7B62252A386100958D62 /* Info.plist */,
			);
			path = SupportingFiles;
			sourceTree = "<group>";
		};
		AFCA7B86252A388F00958D62 /* Assets */ = {
			isa = PBXGroup;
			children = (
				AFCA7B5A252A386100958D62 /* Assets.xcassets */,
			);
			path = Assets;
			sourceTree = "<group>";
		};
		AFCA7B87252A389C00958D62 /* Flows */ = {
			isa = PBXGroup;
			children = (
				AFCA7B58252A385D00958D62 /* ContentView.swift */,
			);
			path = Flows;
			sourceTree = "<group>";
		};
		AFCA7B88252A38A200958D62 /* Managers */ = {
			isa = PBXGroup;
			children = (
				AFCA7B89252A38D700958D62 /* ManagingNote */,
			);
			path = Managers;
			sourceTree = "<group>";
		};
		AFCA7B89252A38D700958D62 /* ManagingNote */ = {
			isa = PBXGroup;
			children = (
				AFCA7B91252A3B2200958D62 /* NoteDataManager */,
				AFCA7B90252A39DA00958D62 /* NoteModel */,
			);
			path = ManagingNote;
			sourceTree = "<group>";
		};
		AFCA7B90252A39DA00958D62 /* NoteModel */ = {
			isa = PBXGroup;
			children = (
				AFCA7B8E252A39CF00958D62 /* NoteProtocol.swift */,
				AFCA7B8C252A391700958D62 /* Note.swift */,
			);
			path = NoteModel;
			sourceTree = "<group>";
		};
		AFCA7B91252A3B2200958D62 /* NoteDataManager */ = {
			isa = PBXGroup;
			children = (
				AFCA7B8A252A38E600958D62 /* NoteDataManagerProtocol.swift */,
				AFCA7B92252A3B4300958D62 /* NoteDataManager.swift */,
			);
			path = NoteDataManager;
			sourceTree = "<group>";
		};
/* End PBXGroup section */

/* Begin PBXNativeTarget section */
		AFCA7B50252A385D00958D62 /* FunkyNotes */ = {
			isa = PBXNativeTarget;
			buildConfigurationList = AFCA7B7B252A386100958D62 /* Build configuration list for PBXNativeTarget "FunkyNotes" */;
			buildPhases = (
				AFCA7B4D252A385D00958D62 /* Sources */,
				AFCA7B4E252A385D00958D62 /* Frameworks */,
				AFCA7B4F252A385D00958D62 /* Resources */,
			);
			buildRules = (
			);
			dependencies = (
			);
			name = FunkyNotes;
			productName = FunkyNotes;
			productReference = AFCA7B51252A385D00958D62 /* FunkyNotes.app */;
			productType = "com.apple.product-type.application";
		};
		AFCA7B66252A386100958D62 /* FunkyNotesTests */ = {
			isa = PBXNativeTarget;
			buildConfigurationList = AFCA7B7E252A386100958D62 /* Build configuration list for PBXNativeTarget "FunkyNotesTests" */;
			buildPhases = (
				AFCA7B63252A386100958D62 /* Sources */,
				AFCA7B64252A386100958D62 /* Frameworks */,
				AFCA7B65252A386100958D62 /* Resources */,
			);
			buildRules = (
			);
			dependencies = (
				AFCA7B69252A386100958D62 /* PBXTargetDependency */,
			);
			name = FunkyNotesTests;
			productName = FunkyNotesTests;
			productReference = AFCA7B67252A386100958D62 /* FunkyNotesTests.xctest */;
			productType = "com.apple.product-type.bundle.unit-test";
		};
		AFCA7B71252A386100958D62 /* FunkyNotesUITests */ = {
			isa = PBXNativeTarget;
			buildConfigurationList = AFCA7B81252A386100958D62 /* Build configuration list for PBXNativeTarget "FunkyNotesUITests" */;
			buildPhases = (
				AFCA7B6E252A386100958D62 /* Sources */,
				AFCA7B6F252A386100958D62 /* Frameworks */,
				AFCA7B70252A386100958D62 /* Resources */,
			);
			buildRules = (
			);
			dependencies = (
				AFCA7B74252A386100958D62 /* PBXTargetDependency */,
			);
			name = FunkyNotesUITests;
			productName = FunkyNotesUITests;
			productReference = AFCA7B72252A386100958D62 /* FunkyNotesUITests.xctest */;
			productType = "com.apple.product-type.bundle.ui-testing";
		};
/* End PBXNativeTarget section */

/* Begin PBXProject section */
		AFCA7B49252A385D00958D62 /* Project object */ = {
			isa = PBXProject;
			attributes = {
				LastSwiftUpdateCheck = 1150;
				LastUpgradeCheck = 1150;
				ORGANIZATIONNAME = com.potapov;
				TargetAttributes = {
					AFCA7B50252A385D00958D62 = {
						CreatedOnToolsVersion = 11.5;
					};
					AFCA7B66252A386100958D62 = {
						CreatedOnToolsVersion = 11.5;
						TestTargetID = AFCA7B50252A385D00958D62;
					};
					AFCA7B71252A386100958D62 = {
						CreatedOnToolsVersion = 11.5;
						TestTargetID = AFCA7B50252A385D00958D62;
					};
				};
			};
			buildConfigurationList = AFCA7B4C252A385D00958D62 /* Build configuration list for PBXProject "FunkyNotes" */;
			compatibilityVersion = "Xcode 9.3";
			developmentRegion = en;
			hasScannedForEncodings = 0;
			knownRegions = (
				en,
				Base,
			);
			mainGroup = AFCA7B48252A385D00958D62;
			productRefGroup = AFCA7B52252A385D00958D62 /* Products */;
			projectDirPath = "";
			projectRoot = "";
			targets = (
				AFCA7B50252A385D00958D62 /* FunkyNotes */,
				AFCA7B66252A386100958D62 /* FunkyNotesTests */,
				AFCA7B71252A386100958D62 /* FunkyNotesUITests */,
			);
		};
/* End PBXProject section */

/* Begin PBXResourcesBuildPhase section */
		AFCA7B4F252A385D00958D62 /* Resources */ = {
			isa = PBXResourcesBuildPhase;
			buildActionMask = 2147483647;
			files = (
				AFCA7B61252A386100958D62 /* LaunchScreen.storyboard in Resources */,
				AFCA7B5E252A386100958D62 /* Preview Assets.xcassets in Resources */,
				AFCA7B5B252A386100958D62 /* Assets.xcassets in Resources */,
			);
			runOnlyForDeploymentPostprocessing = 0;
		};
		AFCA7B65252A386100958D62 /* Resources */ = {
			isa = PBXResourcesBuildPhase;
			buildActionMask = 2147483647;
			files = (
			);
			runOnlyForDeploymentPostprocessing = 0;
		};
		AFCA7B70252A386100958D62 /* Resources */ = {
			isa = PBXResourcesBuildPhase;
			buildActionMask = 2147483647;
			files = (
			);
			runOnlyForDeploymentPostprocessing = 0;
		};
/* End PBXResourcesBuildPhase section */

/* Begin PBXSourcesBuildPhase section */
		AFCA7B4D252A385D00958D62 /* Sources */ = {
			isa = PBXSourcesBuildPhase;
			buildActionMask = 2147483647;
			files = (
				AFCA7B8D252A391700958D62 /* Note.swift in Sources */,
				AFCA7B55252A385D00958D62 /* AppDelegate.swift in Sources */,
				AFCA7B8B252A38E600958D62 /* NoteDataManagerProtocol.swift in Sources */,
				AFCA7B57252A385D00958D62 /* SceneDelegate.swift in Sources */,
				AFCA7B59252A385D00958D62 /* ContentView.swift in Sources */,
				AFCA7B93252A3B4300958D62 /* NoteDataManager.swift in Sources */,
				AFCA7B8F252A39CF00958D62 /* NoteProtocol.swift in Sources */,
			);
			runOnlyForDeploymentPostprocessing = 0;
		};
		AFCA7B63252A386100958D62 /* Sources */ = {
			isa = PBXSourcesBuildPhase;
			buildActionMask = 2147483647;
			files = (
				AFCA7B6C252A386100958D62 /* FunkyNotesTests.swift in Sources */,
			);
			runOnlyForDeploymentPostprocessing = 0;
		};
		AFCA7B6E252A386100958D62 /* Sources */ = {
			isa = PBXSourcesBuildPhase;
			buildActionMask = 2147483647;
			files = (
				AFCA7B77252A386100958D62 /* FunkyNotesUITests.swift in Sources */,
			);
			runOnlyForDeploymentPostprocessing = 0;
		};
/* End PBXSourcesBuildPhase section */

/* Begin PBXTargetDependency section */
		AFCA7B69252A386100958D62 /* PBXTargetDependency */ = {
			isa = PBXTargetDependency;
			target = AFCA7B50252A385D00958D62 /* FunkyNotes */;
			targetProxy = AFCA7B68252A386100958D62 /* PBXContainerItemProxy */;
		};
		AFCA7B74252A386100958D62 /* PBXTargetDependency */ = {
			isa = PBXTargetDependency;
			target = AFCA7B50252A385D00958D62 /* FunkyNotes */;
			targetProxy = AFCA7B73252A386100958D62 /* PBXContainerItemProxy */;
		};
/* End PBXTargetDependency section */

/* Begin PBXVariantGroup section */
		AFCA7B5F252A386100958D62 /* LaunchScreen.storyboard */ = {
			isa = PBXVariantGroup;
			children = (
				AFCA7B60252A386100958D62 /* Base */,
			);
			name = LaunchScreen.storyboard;
			sourceTree = "<group>";
		};
/* End PBXVariantGroup section */

/* Begin XCBuildConfiguration section */
		AFCA7B79252A386100958D62 /* Debug */ = {
			isa = XCBuildConfiguration;
			buildSettings = {
				ALWAYS_SEARCH_USER_PATHS = NO;
				CLANG_ANALYZER_NONNULL = YES;
				CLANG_ANALYZER_NUMBER_OBJECT_CONVERSION = YES_AGGRESSIVE;
				CLANG_CXX_LANGUAGE_STANDARD = "gnu++14";
				CLANG_CXX_LIBRARY = "libc++";
				CLANG_ENABLE_MODULES = YES;
				CLANG_ENABLE_OBJC_ARC = YES;
				CLANG_ENABLE_OBJC_WEAK = YES;
				CLANG_WARN_BLOCK_CAPTURE_AUTORELEASING = YES;
				CLANG_WARN_BOOL_CONVERSION = YES;
				CLANG_WARN_COMMA = YES;
				CLANG_WARN_CONSTANT_CONVERSION = YES;
				CLANG_WARN_DEPRECATED_OBJC_IMPLEMENTATIONS = YES;
				CLANG_WARN_DIRECT_OBJC_ISA_USAGE = YES_ERROR;
				CLANG_WARN_DOCUMENTATION_COMMENTS = YES;
				CLANG_WARN_EMPTY_BODY = YES;
				CLANG_WARN_ENUM_CONVERSION = YES;
				CLANG_WARN_INFINITE_RECURSION = YES;
				CLANG_WARN_INT_CONVERSION = YES;
				CLANG_WARN_NON_LITERAL_NULL_CONVERSION = YES;
				CLANG_WARN_OBJC_IMPLICIT_RETAIN_SELF = YES;
				CLANG_WARN_OBJC_LITERAL_CONVERSION = YES;
				CLANG_WARN_OBJC_ROOT_CLASS = YES_ERROR;
				CLANG_WARN_RANGE_LOOP_ANALYSIS = YES;
				CLANG_WARN_STRICT_PROTOTYPES = YES;
				CLANG_WARN_SUSPICIOUS_MOVE = YES;
				CLANG_WARN_UNGUARDED_AVAILABILITY = YES_AGGRESSIVE;
				CLANG_WARN_UNREACHABLE_CODE = YES;
				CLANG_WARN__DUPLICATE_METHOD_MATCH = YES;
				COPY_PHASE_STRIP = NO;
				DEBUG_INFORMATION_FORMAT = dwarf;
				ENABLE_STRICT_OBJC_MSGSEND = YES;
				ENABLE_TESTABILITY = YES;
				GCC_C_LANGUAGE_STANDARD = gnu11;
				GCC_DYNAMIC_NO_PIC = NO;
				GCC_NO_COMMON_BLOCKS = YES;
				GCC_OPTIMIZATION_LEVEL = 0;
				GCC_PREPROCESSOR_DEFINITIONS = (
					"DEBUG=1",
					"$(inherited)",
				);
				GCC_WARN_64_TO_32_BIT_CONVERSION = YES;
				GCC_WARN_ABOUT_RETURN_TYPE = YES_ERROR;
				GCC_WARN_UNDECLARED_SELECTOR = YES;
				GCC_WARN_UNINITIALIZED_AUTOS = YES_AGGRESSIVE;
				GCC_WARN_UNUSED_FUNCTION = YES;
				GCC_WARN_UNUSED_VARIABLE = YES;
				IPHONEOS_DEPLOYMENT_TARGET = 13.5;
				MTL_ENABLE_DEBUG_INFO = INCLUDE_SOURCE;
				MTL_FAST_MATH = YES;
				ONLY_ACTIVE_ARCH = YES;
				SDKROOT = iphoneos;
				SWIFT_ACTIVE_COMPILATION_CONDITIONS = DEBUG;
				SWIFT_OPTIMIZATION_LEVEL = "-Onone";
			};
			name = Debug;
		};
		AFCA7B7A252A386100958D62 /* Release */ = {
			isa = XCBuildConfiguration;
			buildSettings = {
				ALWAYS_SEARCH_USER_PATHS = NO;
				CLANG_ANALYZER_NONNULL = YES;
				CLANG_ANALYZER_NUMBER_OBJECT_CONVERSION = YES_AGGRESSIVE;
				CLANG_CXX_LANGUAGE_STANDARD = "gnu++14";
				CLANG_CXX_LIBRARY = "libc++";
				CLANG_ENABLE_MODULES = YES;
				CLANG_ENABLE_OBJC_ARC = YES;
				CLANG_ENABLE_OBJC_WEAK = YES;
				CLANG_WARN_BLOCK_CAPTURE_AUTORELEASING = YES;
				CLANG_WARN_BOOL_CONVERSION = YES;
				CLANG_WARN_COMMA = YES;
				CLANG_WARN_CONSTANT_CONVERSION = YES;
				CLANG_WARN_DEPRECATED_OBJC_IMPLEMENTATIONS = YES;
				CLANG_WARN_DIRECT_OBJC_ISA_USAGE = YES_ERROR;
				CLANG_WARN_DOCUMENTATION_COMMENTS = YES;
				CLANG_WARN_EMPTY_BODY = YES;
				CLANG_WARN_ENUM_CONVERSION = YES;
				CLANG_WARN_INFINITE_RECURSION = YES;
				CLANG_WARN_INT_CONVERSION = YES;
				CLANG_WARN_NON_LITERAL_NULL_CONVERSION = YES;
				CLANG_WARN_OBJC_IMPLICIT_RETAIN_SELF = YES;
				CLANG_WARN_OBJC_LITERAL_CONVERSION = YES;
				CLANG_WARN_OBJC_ROOT_CLASS = YES_ERROR;
				CLANG_WARN_RANGE_LOOP_ANALYSIS = YES;
				CLANG_WARN_STRICT_PROTOTYPES = YES;
				CLANG_WARN_SUSPICIOUS_MOVE = YES;
				CLANG_WARN_UNGUARDED_AVAILABILITY = YES_AGGRESSIVE;
				CLANG_WARN_UNREACHABLE_CODE = YES;
				CLANG_WARN__DUPLICATE_METHOD_MATCH = YES;
				COPY_PHASE_STRIP = NO;
				DEBUG_INFORMATION_FORMAT = "dwarf-with-dsym";
				ENABLE_NS_ASSERTIONS = NO;
				ENABLE_STRICT_OBJC_MSGSEND = YES;
				GCC_C_LANGUAGE_STANDARD = gnu11;
				GCC_NO_COMMON_BLOCKS = YES;
				GCC_WARN_64_TO_32_BIT_CONVERSION = YES;
				GCC_WARN_ABOUT_RETURN_TYPE = YES_ERROR;
				GCC_WARN_UNDECLARED_SELECTOR = YES;
				GCC_WARN_UNINITIALIZED_AUTOS = YES_AGGRESSIVE;
				GCC_WARN_UNUSED_FUNCTION = YES;
				GCC_WARN_UNUSED_VARIABLE = YES;
				IPHONEOS_DEPLOYMENT_TARGET = 13.5;
				MTL_ENABLE_DEBUG_INFO = NO;
				MTL_FAST_MATH = YES;
				SDKROOT = iphoneos;
				SWIFT_COMPILATION_MODE = wholemodule;
				SWIFT_OPTIMIZATION_LEVEL = "-O";
				VALIDATE_PRODUCT = YES;
			};
			name = Release;
		};
		AFCA7B7C252A386100958D62 /* Debug */ = {
			isa = XCBuildConfiguration;
			buildSettings = {
				ASSETCATALOG_COMPILER_APPICON_NAME = AppIcon;
				CODE_SIGN_STYLE = Automatic;
				DEVELOPMENT_ASSET_PATHS = "\"FunkyNotes/Preview Content\"";
				ENABLE_PREVIEWS = YES;
				INFOPLIST_FILE = "$(SRCROOT)/FunkyNotes/SupportingFiles/Info.plist";
				LD_RUNPATH_SEARCH_PATHS = (
					"$(inherited)",
					"@executable_path/Frameworks",
				);
				PRODUCT_BUNDLE_IDENTIFIER = com.FunkyNotes;
				PRODUCT_NAME = "$(TARGET_NAME)";
				SWIFT_VERSION = 5.0;
				TARGETED_DEVICE_FAMILY = "1,2";
			};
			name = Debug;
		};
		AFCA7B7D252A386100958D62 /* Release */ = {
			isa = XCBuildConfiguration;
			buildSettings = {
				ASSETCATALOG_COMPILER_APPICON_NAME = AppIcon;
				CODE_SIGN_STYLE = Automatic;
				DEVELOPMENT_ASSET_PATHS = "\"FunkyNotes/Preview Content\"";
				ENABLE_PREVIEWS = YES;
				INFOPLIST_FILE = "$(SRCROOT)/FunkyNotes/SupportingFiles/Info.plist";
				LD_RUNPATH_SEARCH_PATHS = (
					"$(inherited)",
					"@executable_path/Frameworks",
				);
				PRODUCT_BUNDLE_IDENTIFIER = com.FunkyNotes;
				PRODUCT_NAME = "$(TARGET_NAME)";
				SWIFT_VERSION = 5.0;
				TARGETED_DEVICE_FAMILY = "1,2";
			};
			name = Release;
		};
		AFCA7B7F252A386100958D62 /* Debug */ = {
			isa = XCBuildConfiguration;
			buildSettings = {
				ALWAYS_EMBED_SWIFT_STANDARD_LIBRARIES = YES;
				BUNDLE_LOADER = "$(TEST_HOST)";
				CODE_SIGN_STYLE = Automatic;
				INFOPLIST_FILE = FunkyNotesTests/Info.plist;
				IPHONEOS_DEPLOYMENT_TARGET = 13.5;
				LD_RUNPATH_SEARCH_PATHS = (
					"$(inherited)",
					"@executable_path/Frameworks",
					"@loader_path/Frameworks",
				);
				PRODUCT_BUNDLE_IDENTIFIER = com.FunkyNotesTests;
				PRODUCT_NAME = "$(TARGET_NAME)";
				SWIFT_VERSION = 5.0;
				TARGETED_DEVICE_FAMILY = "1,2";
				TEST_HOST = "$(BUILT_PRODUCTS_DIR)/FunkyNotes.app/FunkyNotes";
			};
			name = Debug;
		};
		AFCA7B80252A386100958D62 /* Release */ = {
			isa = XCBuildConfiguration;
			buildSettings = {
				ALWAYS_EMBED_SWIFT_STANDARD_LIBRARIES = YES;
				BUNDLE_LOADER = "$(TEST_HOST)";
				CODE_SIGN_STYLE = Automatic;
				INFOPLIST_FILE = FunkyNotesTests/Info.plist;
				IPHONEOS_DEPLOYMENT_TARGET = 13.5;
				LD_RUNPATH_SEARCH_PATHS = (
					"$(inherited)",
					"@executable_path/Frameworks",
					"@loader_path/Frameworks",
				);
				PRODUCT_BUNDLE_IDENTIFIER = com.FunkyNotesTests;
				PRODUCT_NAME = "$(TARGET_NAME)";
				SWIFT_VERSION = 5.0;
				TARGETED_DEVICE_FAMILY = "1,2";
				TEST_HOST = "$(BUILT_PRODUCTS_DIR)/FunkyNotes.app/FunkyNotes";
			};
			name = Release;
		};
		AFCA7B82252A386100958D62 /* Debug */ = {
			isa = XCBuildConfiguration;
			buildSettings = {
				ALWAYS_EMBED_SWIFT_STANDARD_LIBRARIES = YES;
				CODE_SIGN_STYLE = Automatic;
				INFOPLIST_FILE = FunkyNotesUITests/Info.plist;
				LD_RUNPATH_SEARCH_PATHS = (
					"$(inherited)",
					"@executable_path/Frameworks",
					"@loader_path/Frameworks",
				);
				PRODUCT_BUNDLE_IDENTIFIER = com.FunkyNotesUITests;
				PRODUCT_NAME = "$(TARGET_NAME)";
				SWIFT_VERSION = 5.0;
				TARGETED_DEVICE_FAMILY = "1,2";
				TEST_TARGET_NAME = FunkyNotes;
			};
			name = Debug;
		};
		AFCA7B83252A386100958D62 /* Release */ = {
			isa = XCBuildConfiguration;
			buildSettings = {
				ALWAYS_EMBED_SWIFT_STANDARD_LIBRARIES = YES;
				CODE_SIGN_STYLE = Automatic;
				INFOPLIST_FILE = FunkyNotesUITests/Info.plist;
				LD_RUNPATH_SEARCH_PATHS = (
					"$(inherited)",
					"@executable_path/Frameworks",
					"@loader_path/Frameworks",
				);
				PRODUCT_BUNDLE_IDENTIFIER = com.FunkyNotesUITests;
				PRODUCT_NAME = "$(TARGET_NAME)";
				SWIFT_VERSION = 5.0;
				TARGETED_DEVICE_FAMILY = "1,2";
				TEST_TARGET_NAME = FunkyNotes;
			};
			name = Release;
		};
/* End XCBuildConfiguration section */

/* Begin XCConfigurationList section */
		AFCA7B4C252A385D00958D62 /* Build configuration list for PBXProject "FunkyNotes" */ = {
			isa = XCConfigurationList;
			buildConfigurations = (
				AFCA7B79252A386100958D62 /* Debug */,
				AFCA7B7A252A386100958D62 /* Release */,
			);
			defaultConfigurationIsVisible = 0;
			defaultConfigurationName = Release;
		};
		AFCA7B7B252A386100958D62 /* Build configuration list for PBXNativeTarget "FunkyNotes" */ = {
			isa = XCConfigurationList;
			buildConfigurations = (
				AFCA7B7C252A386100958D62 /* Debug */,
				AFCA7B7D252A386100958D62 /* Release */,
			);
			defaultConfigurationIsVisible = 0;
			defaultConfigurationName = Release;
		};
		AFCA7B7E252A386100958D62 /* Build configuration list for PBXNativeTarget "FunkyNotesTests" */ = {
			isa = XCConfigurationList;
			buildConfigurations = (
				AFCA7B7F252A386100958D62 /* Debug */,
				AFCA7B80252A386100958D62 /* Release */,
			);
			defaultConfigurationIsVisible = 0;
			defaultConfigurationName = Release;
		};
		AFCA7B81252A386100958D62 /* Build configuration list for PBXNativeTarget "FunkyNotesUITests" */ = {
			isa = XCConfigurationList;
			buildConfigurations = (
				AFCA7B82252A386100958D62 /* Debug */,
				AFCA7B83252A386100958D62 /* Release */,
			);
			defaultConfigurationIsVisible = 0;
			defaultConfigurationName = Release;
		};
/* End XCConfigurationList section */
	};
	rootObject = AFCA7B49252A385D00958D62 /* Project object */;
}
